
Microsoft Visual Studio Solution File, Format Version 12.00
# Visual Studio Version 16
VisualStudioVersion = 16.0.30717.126
MinimumVisualStudioVersion = 10.0.40219.1
Project("{2150E333-8FDC-42A3-9474-1A3956D46DE8}") = "src", "src", "{3746C9A4-BA54-4806-B04B-71461E9228A9}"
EndProject
Project("{9A19103F-16F7-4668-BE54-9A1E7A4F7556}") = "GS", "src\GS\GS.csproj", "{71E21C0B-D70E-4EC2-B1C4-60326DCE60A8}"
EndProject
Project("{2150E333-8FDC-42A3-9474-1A3956D46DE8}") = "GMall", "GMall", "{FFC68F14-D8BE-4B01-A671-4CBBDBCA52BF}"
EndProject
Project("{2150E333-8FDC-42A3-9474-1A3956D46DE8}") = "Order", "Order", "{886D90EF-CF21-481A-B3F5-1EB2657906D4}"
EndProject
Project("{9A19103F-16F7-4668-BE54-9A1E7A4F7556}") = "GMall.Order.Domain", "src\GMall\Order\GMall.Order.Domain\GMall.Order.Domain.csproj", "{41B12C82-B0FA-46B0-9914-D32B84F0D32F}"
EndProject
Project("{9A19103F-16F7-4668-BE54-9A1E7A4F7556}") = "GMall.Order.Application", "src\GMall\Order\GMall.Order.Application\GMall.Order.Application.csproj", "{001A49F2-782B-463F-9871-91331C2E2458}"
EndProject
Project("{2150E333-8FDC-42A3-9474-1A3956D46DE8}") = "Product", "Product", "{2AEEEF12-1CC4-4115-A705-0C945F629EDB}"
EndProject
Project("{9A19103F-16F7-4668-BE54-9A1E7A4F7556}") = "GMall.Product.Domain", "src\GMall\Product\GMall.Product.Domain\GMall.Product.Domain.csproj", "{C2F351CB-2779-4260-8676-D1A08505644A}"
EndProject
Project("{9A19103F-16F7-4668-BE54-9A1E7A4F7556}") = "GMall.Product.Application", "src\GMall\Product\GMall.Product.Application\GMall.Product.Application.csproj", "{E9CBC57A-7A2F-4C17-A0D3-670AC842629A}"
EndProject
Project("{2150E333-8FDC-42A3-9474-1A3956D46DE8}") = "Shipping", "Shipping", "{FB0014FC-7F06-4B15-91DD-A5724B5272C3}"
EndProject
Project("{2150E333-8FDC-42A3-9474-1A3956D46DE8}") = "Inventory", "Inventory", "{D54562F8-7B88-47AE-905D-A82F78F856FF}"
EndProject
Project("{FAE04EC0-301F-11D3-BF4B-00C04F79EFBC}") = "GMall.Order.Infrastructure", "src\GMall\Order\GMall.Order.Infrastructure\GMall.Order.Infrastructure.csproj", "{0E63AFD4-D2DD-43C5-A8E6-E3D91B8D183B}"
EndProject
Project("{FAE04EC0-301F-11D3-BF4B-00C04F79EFBC}") = "GMall.UnitTest", "src\GMall\GMall.UnitTest\GMall.UnitTest.csproj", "{712905CA-40FC-430F-8D25-09A24335F031}"
EndProject
Project("{FAE04EC0-301F-11D3-BF4B-00C04F79EFBC}") = "GMall.Types", "src\GMall\GMall.Types\GMall.Types.csproj", "{76456B8A-1C07-4727-8817-885EE5DDE58C}"
EndProject
Global
	GlobalSection(SolutionConfigurationPlatforms) = preSolution
		Debug|Any CPU = Debug|Any CPU
		Release|Any CPU = Release|Any CPU
	EndGlobalSection
	GlobalSection(ProjectConfigurationPlatforms) = postSolution
		{71E21C0B-D70E-4EC2-B1C4-60326DCE60A8}.Debug|Any CPU.ActiveCfg = Debug|Any CPU
		{71E21C0B-D70E-4EC2-B1C4-60326DCE60A8}.Debug|Any CPU.Build.0 = Debug|Any CPU
		{71E21C0B-D70E-4EC2-B1C4-60326DCE60A8}.Release|Any CPU.ActiveCfg = Release|Any CPU
		{71E21C0B-D70E-4EC2-B1C4-60326DCE60A8}.Release|Any CPU.Build.0 = Release|Any CPU
		{41B12C82-B0FA-46B0-9914-D32B84F0D32F}.Debug|Any CPU.ActiveCfg = Debug|Any CPU
		{41B12C82-B0FA-46B0-9914-D32B84F0D32F}.Debug|Any CPU.Build.0 = Debug|Any CPU
		{41B12C82-B0FA-46B0-9914-D32B84F0D32F}.Release|Any CPU.ActiveCfg = Release|Any CPU
		{41B12C82-B0FA-46B0-9914-D32B84F0D32F}.Release|Any CPU.Build.0 = Release|Any CPU
		{001A49F2-782B-463F-9871-91331C2E2458}.Debug|Any CPU.ActiveCfg = Debug|Any CPU
		{001A49F2-782B-463F-9871-91331C2E2458}.Debug|Any CPU.Build.0 = Debug|Any CPU
		{001A49F2-782B-463F-9871-91331C2E2458}.Release|Any CPU.ActiveCfg = Release|Any CPU
		{001A49F2-782B-463F-9871-91331C2E2458}.Release|Any CPU.Build.0 = Release|Any CPU
		{C2F351CB-2779-4260-8676-D1A08505644A}.Debug|Any CPU.ActiveCfg = Debug|Any CPU
		{C2F351CB-2779-4260-8676-D1A08505644A}.Debug|Any CPU.Build.0 = Debug|Any CPU
		{C2F351CB-2779-4260-8676-D1A08505644A}.Release|Any CPU.ActiveCfg = Release|Any CPU
		{C2F351CB-2779-4260-8676-D1A08505644A}.Release|Any CPU.Build.0 = Release|Any CPU
		{E9CBC57A-7A2F-4C17-A0D3-670AC842629A}.Debug|Any CPU.ActiveCfg = Debug|Any CPU
		{E9CBC57A-7A2F-4C17-A0D3-670AC842629A}.Debug|Any CPU.Build.0 = Debug|Any CPU
		{E9CBC57A-7A2F-4C17-A0D3-670AC842629A}.Release|Any CPU.ActiveCfg = Release|Any CPU
		{E9CBC57A-7A2F-4C17-A0D3-670AC842629A}.Release|Any CPU.Build.0 = Release|Any CPU
		{0E63AFD4-D2DD-43C5-A8E6-E3D91B8D183B}.Debug|Any CPU.ActiveCfg = Debug|Any CPU
		{0E63AFD4-D2DD-43C5-A8E6-E3D91B8D183B}.Debug|Any CPU.Build.0 = Debug|Any CPU
		{0E63AFD4-D2DD-43C5-A8E6-E3D91B8D183B}.Release|Any CPU.ActiveCfg = Release|Any CPU
		{0E63AFD4-D2DD-43C5-A8E6-E3D91B8D183B}.Release|Any CPU.Build.0 = Release|Any CPU
		{712905CA-40FC-430F-8D25-09A24335F031}.Debug|Any CPU.ActiveCfg = Debug|Any CPU
		{712905CA-40FC-430F-8D25-09A24335F031}.Debug|Any CPU.Build.0 = Debug|Any CPU
		{712905CA-40FC-430F-8D25-09A24335F031}.Release|Any CPU.ActiveCfg = Release|Any CPU
		{712905CA-40FC-430F-8D25-09A24335F031}.Release|Any CPU.Build.0 = Release|Any CPU
		{76456B8A-1C07-4727-8817-885EE5DDE58C}.Debug|Any CPU.ActiveCfg = Debug|Any CPU
		{76456B8A-1C07-4727-8817-885EE5DDE58C}.Debug|Any CPU.Build.0 = Debug|Any CPU
		{76456B8A-1C07-4727-8817-885EE5DDE58C}.Release|Any CPU.ActiveCfg = Release|Any CPU
		{76456B8A-1C07-4727-8817-885EE5DDE58C}.Release|Any CPU.Build.0 = Release|Any CPU
	EndGlobalSection
	GlobalSection(SolutionProperties) = preSolution
		HideSolutionNode = FALSE
	EndGlobalSection
	GlobalSection(NestedProjects) = preSolution
		{71E21C0B-D70E-4EC2-B1C4-60326DCE60A8} = {3746C9A4-BA54-4806-B04B-71461E9228A9}
		{FFC68F14-D8BE-4B01-A671-4CBBDBCA52BF} = {3746C9A4-BA54-4806-B04B-71461E9228A9}
		{886D90EF-CF21-481A-B3F5-1EB2657906D4} = {FFC68F14-D8BE-4B01-A671-4CBBDBCA52BF}
		{41B12C82-B0FA-46B0-9914-D32B84F0D32F} = {886D90EF-CF21-481A-B3F5-1EB2657906D4}
		{001A49F2-782B-463F-9871-91331C2E2458} = {886D90EF-CF21-481A-B3F5-1EB2657906D4}
		{2AEEEF12-1CC4-4115-A705-0C945F629EDB} = {FFC68F14-D8BE-4B01-A671-4CBBDBCA52BF}
		{C2F351CB-2779-4260-8676-D1A08505644A} = {2AEEEF12-1CC4-4115-A705-0C945F629EDB}
		{E9CBC57A-7A2F-4C17-A0D3-670AC842629A} = {2AEEEF12-1CC4-4115-A705-0C945F629EDB}
		{FB0014FC-7F06-4B15-91DD-A5724B5272C3} = {FFC68F14-D8BE-4B01-A671-4CBBDBCA52BF}
		{D54562F8-7B88-47AE-905D-A82F78F856FF} = {FFC68F14-D8BE-4B01-A671-4CBBDBCA52BF}
		{0E63AFD4-D2DD-43C5-A8E6-E3D91B8D183B} = {886D90EF-CF21-481A-B3F5-1EB2657906D4}
		{712905CA-40FC-430F-8D25-09A24335F031} = {FFC68F14-D8BE-4B01-A671-4CBBDBCA52BF}
		{76456B8A-1C07-4727-8817-885EE5DDE58C} = {FFC68F14-D8BE-4B01-A671-4CBBDBCA52BF}
	EndGlobalSection
	GlobalSection(ExtensibilityGlobals) = postSolution
		SolutionGuid = {FF5E5038-4533-4DAD-9A70-0EC6204ED7F3}
	EndGlobalSection
EndGlobal
